
Microsoft Visual Studio Solution File, Format Version 12.00
# Visual Studio Version 17
VisualStudioVersion = 17.6.33723.286
MinimumVisualStudioVersion = 10.0.40219.1
Project("{FAE04EC0-301F-11D3-BF4B-00C04F79EFBC}") = "(10.) Do While Loop", "(10.) Do While Loop\(10.) Do While Loop.csproj", "{B2806E0F-BFC1-467D-88C7-8AB21383C801}"
EndProject
Global
	GlobalSection(SolutionConfigurationPlatforms) = preSolution
		Debug|Any CPU = Debug|Any CPU
		Release|Any CPU = Release|Any CPU
	EndGlobalSection
	GlobalSection(ProjectConfigurationPlatforms) = postSolution
		{B2806E0F-BFC1-467D-88C7-8AB21383C801}.Debug|Any CPU.ActiveCfg = Debug|Any CPU
		{B2806E0F-BFC1-467D-88C7-8AB21383C801}.Debug|Any CPU.Build.0 = Debug|Any CPU
		{B2806E0F-BFC1-467D-88C7-8AB21383C801}.Release|Any CPU.ActiveCfg = Release|Any CPU
		{B2806E0F-BFC1-467D-88C7-8AB21383C801}.Release|Any CPU.Build.0 = Release|Any CPU
	EndGlobalSection
	GlobalSection(SolutionProperties) = preSolution
		HideSolutionNode = FALSE
	EndGlobalSection
	GlobalSection(ExtensibilityGlobals) = postSolution
		SolutionGuid = {588BC7E1-EE81-44EA-8EB9-9CC8C45C65D1}
	EndGlobalSection
EndGlobal
