
Microsoft Visual Studio Solution File, Format Version 12.00
# Visual Studio Version 17
VisualStudioVersion = 17.6.33723.286
MinimumVisualStudioVersion = 10.0.40219.1
Project("{FAE04EC0-301F-11D3-BF4B-00C04F79EFBC}") = "(05.) User Input", "(05.) User Input\(05.) User Input.csproj", "{8F40A933-A3F1-4CD0-A067-BFF877CBBDA5}"
EndProject
Global
	GlobalSection(SolutionConfigurationPlatforms) = preSolution
		Debug|Any CPU = Debug|Any CPU
		Release|Any CPU = Release|Any CPU
	EndGlobalSection
	GlobalSection(ProjectConfigurationPlatforms) = postSolution
		{8F40A933-A3F1-4CD0-A067-BFF877CBBDA5}.Debug|Any CPU.ActiveCfg = Debug|Any CPU
		{8F40A933-A3F1-4CD0-A067-BFF877CBBDA5}.Debug|Any CPU.Build.0 = Debug|Any CPU
		{8F40A933-A3F1-4CD0-A067-BFF877CBBDA5}.Release|Any CPU.ActiveCfg = Release|Any CPU
		{8F40A933-A3F1-4CD0-A067-BFF877CBBDA5}.Release|Any CPU.Build.0 = Release|Any CPU
	EndGlobalSection
	GlobalSection(SolutionProperties) = preSolution
		HideSolutionNode = FALSE
	EndGlobalSection
	GlobalSection(ExtensibilityGlobals) = postSolution
		SolutionGuid = {82784D52-851D-4F6B-93E1-A4AAB2B32888}
	EndGlobalSection
EndGlobal
