
Microsoft Visual Studio Solution File, Format Version 12.00
# Visual Studio Version 17
VisualStudioVersion = 17.6.33723.286
MinimumVisualStudioVersion = 10.0.40219.1
Project("{FAE04EC0-301F-11D3-BF4B-00C04F79EFBC}") = "(14.) Function - using no parameter and return type", "(14.) Function - using no parameter and return type\(14.) Function - using no parameter and return type.csproj", "{11786111-FF59-4B69-BD9E-DB8AA2A5AC72}"
EndProject
Global
	GlobalSection(SolutionConfigurationPlatforms) = preSolution
		Debug|Any CPU = Debug|Any CPU
		Release|Any CPU = Release|Any CPU
	EndGlobalSection
	GlobalSection(ProjectConfigurationPlatforms) = postSolution
		{11786111-FF59-4B69-BD9E-DB8AA2A5AC72}.Debug|Any CPU.ActiveCfg = Debug|Any CPU
		{11786111-FF59-4B69-BD9E-DB8AA2A5AC72}.Debug|Any CPU.Build.0 = Debug|Any CPU
		{11786111-FF59-4B69-BD9E-DB8AA2A5AC72}.Release|Any CPU.ActiveCfg = Release|Any CPU
		{11786111-FF59-4B69-BD9E-DB8AA2A5AC72}.Release|Any CPU.Build.0 = Release|Any CPU
	EndGlobalSection
	GlobalSection(SolutionProperties) = preSolution
		HideSolutionNode = FALSE
	EndGlobalSection
	GlobalSection(ExtensibilityGlobals) = postSolution
		SolutionGuid = {F5A051F0-8421-4EF0-9A4E-DA600D356CBF}
	EndGlobalSection
EndGlobal
