
Microsoft Visual Studio Solution File, Format Version 12.00
# Visual Studio Version 17
VisualStudioVersion = 17.6.33723.286
MinimumVisualStudioVersion = 10.0.40219.1
Project("{FAE04EC0-301F-11D3-BF4B-00C04F79EFBC}") = "(15.) Function - using parameter but no return type", "(15.) Function - using parameter but no return type\(15.) Function - using parameter but no return type.csproj", "{0C33EB05-3BB9-47AC-828F-2EAEBE58EC61}"
EndProject
Global
	GlobalSection(SolutionConfigurationPlatforms) = preSolution
		Debug|Any CPU = Debug|Any CPU
		Release|Any CPU = Release|Any CPU
	EndGlobalSection
	GlobalSection(ProjectConfigurationPlatforms) = postSolution
		{0C33EB05-3BB9-47AC-828F-2EAEBE58EC61}.Debug|Any CPU.ActiveCfg = Debug|Any CPU
		{0C33EB05-3BB9-47AC-828F-2EAEBE58EC61}.Debug|Any CPU.Build.0 = Debug|Any CPU
		{0C33EB05-3BB9-47AC-828F-2EAEBE58EC61}.Release|Any CPU.ActiveCfg = Release|Any CPU
		{0C33EB05-3BB9-47AC-828F-2EAEBE58EC61}.Release|Any CPU.Build.0 = Release|Any CPU
	EndGlobalSection
	GlobalSection(SolutionProperties) = preSolution
		HideSolutionNode = FALSE
	EndGlobalSection
	GlobalSection(ExtensibilityGlobals) = postSolution
		SolutionGuid = {ED83499E-EC59-4B37-98BE-9236CA9A8660}
	EndGlobalSection
EndGlobal
